
Microsoft Visual Studio Solution File, Format Version 12.00
# Visual Studio 15
VisualStudioVersion = 15.0.27428.2027
MinimumVisualStudioVersion = 10.0.40219.1
Project("{8BC9CEB8-8B4A-11D0-8D11-00A0C91BC942}") = "Files", "Files\Files.vcxproj", "{7821A00C-E596-4C13-8815-B389E9189218}"
EndProject
Project("{8BC9CEB8-8B4A-11D0-8D11-00A0C91BC942}") = "SensorHeader", "SensorHeader\SensorHeader.vcxproj", "{1C4D9D38-7DC0-42A1-BC63-F124FF4461A6}"
EndProject
Global
	GlobalSection(SolutionConfigurationPlatforms) = preSolution
		Debug|x64 = Debug|x64
		Debug|x86 = Debug|x86
		Release|x64 = Release|x64
		Release|x86 = Release|x86
	EndGlobalSection
	GlobalSection(ProjectConfigurationPlatforms) = postSolution
		{7821A00C-E596-4C13-8815-B389E9189218}.Debug|x64.ActiveCfg = Debug|x64
		{7821A00C-E596-4C13-8815-B389E9189218}.Debug|x64.Build.0 = Debug|x64
		{7821A00C-E596-4C13-8815-B389E9189218}.Debug|x86.ActiveCfg = Debug|Win32
		{7821A00C-E596-4C13-8815-B389E9189218}.Debug|x86.Build.0 = Debug|Win32
		{7821A00C-E596-4C13-8815-B389E9189218}.Release|x64.ActiveCfg = Release|x64
		{7821A00C-E596-4C13-8815-B389E9189218}.Release|x64.Build.0 = Release|x64
		{7821A00C-E596-4C13-8815-B389E9189218}.Release|x86.ActiveCfg = Release|Win32
		{7821A00C-E596-4C13-8815-B389E9189218}.Release|x86.Build.0 = Release|Win32
		{1C4D9D38-7DC0-42A1-BC63-F124FF4461A6}.Debug|x64.ActiveCfg = Debug|x64
		{1C4D9D38-7DC0-42A1-BC63-F124FF4461A6}.Debug|x64.Build.0 = Debug|x64
		{1C4D9D38-7DC0-42A1-BC63-F124FF4461A6}.Debug|x86.ActiveCfg = Debug|Win32
		{1C4D9D38-7DC0-42A1-BC63-F124FF4461A6}.Debug|x86.Build.0 = Debug|Win32
		{1C4D9D38-7DC0-42A1-BC63-F124FF4461A6}.Release|x64.ActiveCfg = Release|x64
		{1C4D9D38-7DC0-42A1-BC63-F124FF4461A6}.Release|x64.Build.0 = Release|x64
		{1C4D9D38-7DC0-42A1-BC63-F124FF4461A6}.Release|x86.ActiveCfg = Release|Win32
		{1C4D9D38-7DC0-42A1-BC63-F124FF4461A6}.Release|x86.Build.0 = Release|Win32
	EndGlobalSection
	GlobalSection(SolutionProperties) = preSolution
		HideSolutionNode = FALSE
	EndGlobalSection
	GlobalSection(ExtensibilityGlobals) = postSolution
		SolutionGuid = {E635026A-D7C8-47FE-B19C-62AD0E161EF7}
	EndGlobalSection
EndGlobal
